
Microsoft Visual Studio Solution File, Format Version 12.00
# Visual Studio Version 17
VisualStudioVersion = 17.7.34221.43
MinimumVisualStudioVersion = 10.0.40219.1
Project("{FAE04EC0-301F-11D3-BF4B-00C04F79EFBC}") = "MVC_Calc", "MVC_Calc.csproj", "{64E6B2F9-D6FF-4188-90B6-3F3AF7D2AA39}"
EndProject
Global
	GlobalSection(SolutionConfigurationPlatforms) = preSolution
		Debug|Any CPU = Debug|Any CPU
		Release|Any CPU = Release|Any CPU
	EndGlobalSection
	GlobalSection(ProjectConfigurationPlatforms) = postSolution
		{64E6B2F9-D6FF-4188-90B6-3F3AF7D2AA39}.Debug|Any CPU.ActiveCfg = Debug|Any CPU
		{64E6B2F9-D6FF-4188-90B6-3F3AF7D2AA39}.Debug|Any CPU.Build.0 = Debug|Any CPU
		{64E6B2F9-D6FF-4188-90B6-3F3AF7D2AA39}.Release|Any CPU.ActiveCfg = Release|Any CPU
		{64E6B2F9-D6FF-4188-90B6-3F3AF7D2AA39}.Release|Any CPU.Build.0 = Release|Any CPU
	EndGlobalSection
	GlobalSection(SolutionProperties) = preSolution
		HideSolutionNode = FALSE
	EndGlobalSection
	GlobalSection(ExtensibilityGlobals) = postSolution
		SolutionGuid = {6135ACA9-7E93-466B-B100-FA2AA337E626}
	EndGlobalSection
EndGlobal
